
Microsoft Visual Studio Solution File, Format Version 12.00
# Visual Studio 15
VisualStudioVersion = 15.0.27428.2005
MinimumVisualStudioVersion = 10.0.40219.1
Project("{9A19103F-16F7-4668-BE54-9A1E7A4F7556}") = "Movie Tracker", "Movie Tracker\Movie Tracker.csproj", "{F0D7E0B5-C7F1-4FDC-AA0E-C898EF544105}"
EndProject
Global
	GlobalSection(SolutionConfigurationPlatforms) = preSolution
		Debug|Any CPU = Debug|Any CPU
		Release|Any CPU = Release|Any CPU
	EndGlobalSection
	GlobalSection(ProjectConfigurationPlatforms) = postSolution
		{F0D7E0B5-C7F1-4FDC-AA0E-C898EF544105}.Debug|Any CPU.ActiveCfg = Debug|Any CPU
		{F0D7E0B5-C7F1-4FDC-AA0E-C898EF544105}.Debug|Any CPU.Build.0 = Debug|Any CPU
		{F0D7E0B5-C7F1-4FDC-AA0E-C898EF544105}.Release|Any CPU.ActiveCfg = Release|Any CPU
		{F0D7E0B5-C7F1-4FDC-AA0E-C898EF544105}.Release|Any CPU.Build.0 = Release|Any CPU
	EndGlobalSection
	GlobalSection(SolutionProperties) = preSolution
		HideSolutionNode = FALSE
	EndGlobalSection
	GlobalSection(ExtensibilityGlobals) = postSolution
		SolutionGuid = {DEAF5632-B370-4FBE-B1B5-6F13C7D03119}
	EndGlobalSection
EndGlobal
